{
  "version": 4,
  "terraform_version": "1.11.0",
  "serial": 8,
  "lineage": "fc7e609f-12f2-be85-f350-84c019c2c53d",
  "outputs": {
    "full_vm_details": {
      "value": null,
      "type": [
        "object",
        {
          "additional_capabilities": [
            "list",
            [
              "object",
              {
                "hibernation_enabled": "bool",
                "ultra_ssd_enabled": "bool"
              }
            ]
          ],
          "admin_password": "string",
          "admin_ssh_key": [
            "set",
            [
              "object",
              {
                "public_key": "string",
                "username": "string"
              }
            ]
          ],
          "admin_username": "string",
          "allow_extension_operations": "bool",
          "availability_set_id": "string",
          "boot_diagnostics": [
            "list",
            [
              "object",
              {
                "storage_account_uri": "string"
              }
            ]
          ],
          "bypass_platform_safety_checks_on_user_schedule_enabled": "bool",
          "capacity_reservation_group_id": "string",
          "computer_name": "string",
          "custom_data": "string",
          "dedicated_host_group_id": "string",
          "dedicated_host_id": "string",
          "disable_password_authentication": "bool",
          "disk_controller_type": "string",
          "edge_zone": "string",
          "encryption_at_host_enabled": "bool",
          "eviction_policy": "string",
          "extensions_time_budget": "string",
          "gallery_application": [
            "list",
            [
              "object",
              {
                "automatic_upgrade_enabled": "bool",
                "configuration_blob_uri": "string",
                "order": "number",
                "tag": "string",
                "treat_failure_as_deployment_failure_enabled": "bool",
                "version_id": "string"
              }
            ]
          ],
          "id": "string",
          "identity": [
            "list",
            [
              "object",
              {
                "identity_ids": [
                  "set",
                  "string"
                ],
                "principal_id": "string",
                "tenant_id": "string",
                "type": "string"
              }
            ]
          ],
          "license_type": "string",
          "location": "string",
          "max_bid_price": "number",
          "name": "string",
          "network_interface_ids": [
            "list",
            "string"
          ],
          "os_disk": [
            "list",
            [
              "object",
              {
                "caching": "string",
                "diff_disk_settings": [
                  "list",
                  [
                    "object",
                    {
                      "option": "string",
                      "placement": "string"
                    }
                  ]
                ],
                "disk_encryption_set_id": "string",
                "disk_size_gb": "number",
                "id": "string",
                "name": "string",
                "secure_vm_disk_encryption_set_id": "string",
                "security_encryption_type": "string",
                "storage_account_type": "string",
                "write_accelerator_enabled": "bool"
              }
            ]
          ],
          "os_image_notification": [
            "list",
            [
              "object",
              {
                "timeout": "string"
              }
            ]
          ],
          "patch_assessment_mode": "string",
          "patch_mode": "string",
          "plan": [
            "list",
            [
              "object",
              {
                "name": "string",
                "product": "string",
                "publisher": "string"
              }
            ]
          ],
          "platform_fault_domain": "number",
          "priority": "string",
          "private_ip_address": "string",
          "private_ip_addresses": [
            "list",
            "string"
          ],
          "provision_vm_agent": "bool",
          "proximity_placement_group_id": "string",
          "public_ip_address": "string",
          "public_ip_addresses": [
            "list",
            "string"
          ],
          "reboot_setting": "string",
          "resource_group_name": "string",
          "secret": [
            "list",
            [
              "object",
              {
                "certificate": [
                  "set",
                  [
                    "object",
                    {
                      "url": "string"
                    }
                  ]
                ],
                "key_vault_id": "string"
              }
            ]
          ],
          "secure_boot_enabled": "bool",
          "size": "string",
          "source_image_id": "string",
          "source_image_reference": [
            "list",
            [
              "object",
              {
                "offer": "string",
                "publisher": "string",
                "sku": "string",
                "version": "string"
              }
            ]
          ],
          "tags": [
            "map",
            "string"
          ],
          "termination_notification": [
            "list",
            [
              "object",
              {
                "enabled": "bool",
                "timeout": "string"
              }
            ]
          ],
          "timeouts": [
            "object",
            {
              "create": "string",
              "delete": "string",
              "read": "string",
              "update": "string"
            }
          ],
          "user_data": "string",
          "virtual_machine_id": "string",
          "virtual_machine_scale_set_id": "string",
          "vm_agent_platform_updates_enabled": "bool",
          "vtpm_enabled": "bool",
          "zone": "string"
        }
      ],
      "sensitive": true
    },
    "nsg_id": {
      "value": null,
      "type": "string"
    },
    "public_ip_address": {
      "value": null,
      "type": "string"
    },
    "resource_group_location": {
      "value": "westeurope",
      "type": "string"
    },
    "resource_group_name": {
      "value": "ono-server-rg",
      "type": "string"
    },
    "ssh_command": {
      "value": null,
      "type": "string"
    },
    "ssh_connection_command": {
      "value": null,
      "type": "string"
    },
    "vm_name": {
      "value": "ono-web-vm",
      "type": "string"
    },
    "vm_public_ip": {
      "value": null,
      "type": "string"
    },
    "vm_size": {
      "value": "Standard_B1ms",
      "type": "string"
    }
  },
  "resources": [
    {
      "mode": "managed",
      "type": "azurerm_resource_group",
      "name": "ono_rg",
      "provider": "provider[\"registry.terraform.io/hashicorp/azurerm\"]",
      "instances": [
        {
          "schema_version": 0,
          "attributes": {
            "id": "/subscriptions/2f57ef39-ca48-4072-8566-81ffc4ca1584/resourceGroups/ono-server-rg",
            "location": "westeurope",
            "managed_by": "",
            "name": "ono-server-rg",
            "tags": {
              "Environment": "Dev",
              "Owner": "Ono"
            },
            "timeouts": null
          },
          "sensitive_attributes": [],
          "private": "eyJlMmJmYjczMC1lY2FhLTExZTYtOGY4OC0zNDM2M2JjN2M0YzAiOnsiY3JlYXRlIjo1NDAwMDAwMDAwMDAwLCJkZWxldGUiOjU0MDAwMDAwMDAwMDAsInJlYWQiOjMwMDAwMDAwMDAwMCwidXBkYXRlIjo1NDAwMDAwMDAwMDAwfSwic2NoZW1hX3ZlcnNpb24iOiIwIn0="
        }
      ]
    }
  ],
  "check_results": null
}
